
Microsoft Visual Studio Solution File, Format Version 12.00
# Visual Studio Version 17
VisualStudioVersion = 17.7.34202.233
MinimumVisualStudioVersion = 10.0.40219.1
Project("{2150E333-8FDC-42A3-9474-1A3956D46DE8}") = "1 - Applications", "1 - Applications", "{59CDCB40-816B-4EA7-97FB-7DC137286EA1}"
EndProject
Project("{2150E333-8FDC-42A3-9474-1A3956D46DE8}") = "2 - Business", "2 - Business", "{4387060D-AB43-4BD7-9664-1C40C3E3F71A}"
EndProject
Project("{2150E333-8FDC-42A3-9474-1A3956D46DE8}") = "3 - Persistence", "3 - Persistence", "{5FBA5BE9-0E5F-4DE0-9520-A19CFDEB758A}"
EndProject
Project("{2150E333-8FDC-42A3-9474-1A3956D46DE8}") = "4 - Shared", "4 - Shared", "{011B793A-EBED-46B7-83EF-2FD45368B985}"
EndProject
Project("{9A19103F-16F7-4668-BE54-9A1E7A4F7556}") = "TCP.Business", "TCP.Business\TCP.Business.csproj", "{38CF2764-0767-49FF-A35B-052CF0201140}"
EndProject
Project("{9A19103F-16F7-4668-BE54-9A1E7A4F7556}") = "TCP.DataBaseContext", "TCP.DbContext\TCP.DataBaseContext.csproj", "{2BC58538-5F47-4ABC-BA8E-B1DA9583EE1A}"
EndProject
Project("{9A19103F-16F7-4668-BE54-9A1E7A4F7556}") = "TCP.Repository", "TCP.Repository\TCP.Repository.csproj", "{7DF008C4-FA6E-4A44-9679-CDCFB9BDC051}"
EndProject
Project("{9A19103F-16F7-4668-BE54-9A1E7A4F7556}") = "TCP.Api", "TCP.Api\TCP.Api.csproj", "{D24C18A4-2555-461F-A0F5-F9E8CB6996D5}"
EndProject
Project("{9A19103F-16F7-4668-BE54-9A1E7A4F7556}") = "TCP.Model", "TCP.Model\TCP.Model.csproj", "{ACA341FB-CA2E-4DC1-8826-2D115514F450}"
EndProject
Project("{2150E333-8FDC-42A3-9474-1A3956D46DE8}") = "Core", "Core", "{CF95FFCD-54F3-44E8-8A1F-554318D0E728}"
EndProject
Project("{FAE04EC0-301F-11D3-BF4B-00C04F79EFBC}") = "Invoicer", "Invoicer\Invoicer.csproj", "{E5BA227E-4AFE-448A-B879-A2784B3FC97C}"
EndProject
Project("{9A19103F-16F7-4668-BE54-9A1E7A4F7556}") = "TCP.BlazorWeb", "TCP.BlazorWeb\TCP.BlazorWeb.csproj", "{C1184A24-A94C-4861-9EBF-311BDF6F0F00}"
EndProject
Project("{9A19103F-16F7-4668-BE54-9A1E7A4F7556}") = "TCP.Model.Dto", "TCP.Model.Dto\TCP.Model.Dto.csproj", "{4C455B9C-717B-4F9E-893C-D7846A2FA000}"
EndProject
Project("{9A19103F-16F7-4668-BE54-9A1E7A4F7556}") = "Core.Framework", "Adhe.Core\Core.Framework\Core.Framework.csproj", "{9D736DDF-2CE3-4973-9AB6-5F549763D257}"
EndProject
Project("{9A19103F-16F7-4668-BE54-9A1E7A4F7556}") = "Core.Externals", "Adhe.Core\Core.Externals\Core.Externals.csproj", "{6401D8B7-B74F-49A9-8DF5-F5B00F7C5AC1}"
EndProject
Project("{9A19103F-16F7-4668-BE54-9A1E7A4F7556}") = "Core.Abstractions", "Adhe.Core\Core.Abstractions\Core.Abstractions.csproj", "{9B6DB7FB-9241-4961-B1C8-87DDDCA2C379}"
EndProject
Global
	GlobalSection(SolutionConfigurationPlatforms) = preSolution
		Debug|Any CPU = Debug|Any CPU
		Release|Any CPU = Release|Any CPU
	EndGlobalSection
	GlobalSection(ProjectConfigurationPlatforms) = postSolution
		{38CF2764-0767-49FF-A35B-052CF0201140}.Debug|Any CPU.ActiveCfg = Debug|Any CPU
		{38CF2764-0767-49FF-A35B-052CF0201140}.Debug|Any CPU.Build.0 = Debug|Any CPU
		{38CF2764-0767-49FF-A35B-052CF0201140}.Release|Any CPU.ActiveCfg = Release|Any CPU
		{38CF2764-0767-49FF-A35B-052CF0201140}.Release|Any CPU.Build.0 = Release|Any CPU
		{2BC58538-5F47-4ABC-BA8E-B1DA9583EE1A}.Debug|Any CPU.ActiveCfg = Debug|Any CPU
		{2BC58538-5F47-4ABC-BA8E-B1DA9583EE1A}.Debug|Any CPU.Build.0 = Debug|Any CPU
		{2BC58538-5F47-4ABC-BA8E-B1DA9583EE1A}.Release|Any CPU.ActiveCfg = Release|Any CPU
		{2BC58538-5F47-4ABC-BA8E-B1DA9583EE1A}.Release|Any CPU.Build.0 = Release|Any CPU
		{7DF008C4-FA6E-4A44-9679-CDCFB9BDC051}.Debug|Any CPU.ActiveCfg = Debug|Any CPU
		{7DF008C4-FA6E-4A44-9679-CDCFB9BDC051}.Debug|Any CPU.Build.0 = Debug|Any CPU
		{7DF008C4-FA6E-4A44-9679-CDCFB9BDC051}.Release|Any CPU.ActiveCfg = Release|Any CPU
		{7DF008C4-FA6E-4A44-9679-CDCFB9BDC051}.Release|Any CPU.Build.0 = Release|Any CPU
		{D24C18A4-2555-461F-A0F5-F9E8CB6996D5}.Debug|Any CPU.ActiveCfg = Debug|Any CPU
		{D24C18A4-2555-461F-A0F5-F9E8CB6996D5}.Debug|Any CPU.Build.0 = Debug|Any CPU
		{D24C18A4-2555-461F-A0F5-F9E8CB6996D5}.Release|Any CPU.ActiveCfg = Release|Any CPU
		{D24C18A4-2555-461F-A0F5-F9E8CB6996D5}.Release|Any CPU.Build.0 = Release|Any CPU
		{ACA341FB-CA2E-4DC1-8826-2D115514F450}.Debug|Any CPU.ActiveCfg = Debug|Any CPU
		{ACA341FB-CA2E-4DC1-8826-2D115514F450}.Debug|Any CPU.Build.0 = Debug|Any CPU
		{ACA341FB-CA2E-4DC1-8826-2D115514F450}.Release|Any CPU.ActiveCfg = Release|Any CPU
		{ACA341FB-CA2E-4DC1-8826-2D115514F450}.Release|Any CPU.Build.0 = Release|Any CPU
		{E5BA227E-4AFE-448A-B879-A2784B3FC97C}.Debug|Any CPU.ActiveCfg = Debug|Any CPU
		{E5BA227E-4AFE-448A-B879-A2784B3FC97C}.Debug|Any CPU.Build.0 = Debug|Any CPU
		{E5BA227E-4AFE-448A-B879-A2784B3FC97C}.Release|Any CPU.ActiveCfg = Release|Any CPU
		{E5BA227E-4AFE-448A-B879-A2784B3FC97C}.Release|Any CPU.Build.0 = Release|Any CPU
		{C1184A24-A94C-4861-9EBF-311BDF6F0F00}.Debug|Any CPU.ActiveCfg = Debug|Any CPU
		{C1184A24-A94C-4861-9EBF-311BDF6F0F00}.Debug|Any CPU.Build.0 = Debug|Any CPU
		{C1184A24-A94C-4861-9EBF-311BDF6F0F00}.Release|Any CPU.ActiveCfg = Release|Any CPU
		{C1184A24-A94C-4861-9EBF-311BDF6F0F00}.Release|Any CPU.Build.0 = Release|Any CPU
		{4C455B9C-717B-4F9E-893C-D7846A2FA000}.Debug|Any CPU.ActiveCfg = Debug|Any CPU
		{4C455B9C-717B-4F9E-893C-D7846A2FA000}.Debug|Any CPU.Build.0 = Debug|Any CPU
		{4C455B9C-717B-4F9E-893C-D7846A2FA000}.Release|Any CPU.ActiveCfg = Release|Any CPU
		{4C455B9C-717B-4F9E-893C-D7846A2FA000}.Release|Any CPU.Build.0 = Release|Any CPU
		{9D736DDF-2CE3-4973-9AB6-5F549763D257}.Debug|Any CPU.ActiveCfg = Debug|Any CPU
		{9D736DDF-2CE3-4973-9AB6-5F549763D257}.Debug|Any CPU.Build.0 = Debug|Any CPU
		{9D736DDF-2CE3-4973-9AB6-5F549763D257}.Release|Any CPU.ActiveCfg = Release|Any CPU
		{9D736DDF-2CE3-4973-9AB6-5F549763D257}.Release|Any CPU.Build.0 = Release|Any CPU
		{6401D8B7-B74F-49A9-8DF5-F5B00F7C5AC1}.Debug|Any CPU.ActiveCfg = Debug|Any CPU
		{6401D8B7-B74F-49A9-8DF5-F5B00F7C5AC1}.Debug|Any CPU.Build.0 = Debug|Any CPU
		{6401D8B7-B74F-49A9-8DF5-F5B00F7C5AC1}.Release|Any CPU.ActiveCfg = Release|Any CPU
		{6401D8B7-B74F-49A9-8DF5-F5B00F7C5AC1}.Release|Any CPU.Build.0 = Release|Any CPU
		{9B6DB7FB-9241-4961-B1C8-87DDDCA2C379}.Debug|Any CPU.ActiveCfg = Debug|Any CPU
		{9B6DB7FB-9241-4961-B1C8-87DDDCA2C379}.Debug|Any CPU.Build.0 = Debug|Any CPU
		{9B6DB7FB-9241-4961-B1C8-87DDDCA2C379}.Release|Any CPU.ActiveCfg = Release|Any CPU
		{9B6DB7FB-9241-4961-B1C8-87DDDCA2C379}.Release|Any CPU.Build.0 = Release|Any CPU
	EndGlobalSection
	GlobalSection(SolutionProperties) = preSolution
		HideSolutionNode = FALSE
	EndGlobalSection
	GlobalSection(NestedProjects) = preSolution
		{38CF2764-0767-49FF-A35B-052CF0201140} = {4387060D-AB43-4BD7-9664-1C40C3E3F71A}
		{2BC58538-5F47-4ABC-BA8E-B1DA9583EE1A} = {5FBA5BE9-0E5F-4DE0-9520-A19CFDEB758A}
		{7DF008C4-FA6E-4A44-9679-CDCFB9BDC051} = {5FBA5BE9-0E5F-4DE0-9520-A19CFDEB758A}
		{D24C18A4-2555-461F-A0F5-F9E8CB6996D5} = {59CDCB40-816B-4EA7-97FB-7DC137286EA1}
		{ACA341FB-CA2E-4DC1-8826-2D115514F450} = {011B793A-EBED-46B7-83EF-2FD45368B985}
		{CF95FFCD-54F3-44E8-8A1F-554318D0E728} = {011B793A-EBED-46B7-83EF-2FD45368B985}
		{E5BA227E-4AFE-448A-B879-A2784B3FC97C} = {011B793A-EBED-46B7-83EF-2FD45368B985}
		{C1184A24-A94C-4861-9EBF-311BDF6F0F00} = {59CDCB40-816B-4EA7-97FB-7DC137286EA1}
		{4C455B9C-717B-4F9E-893C-D7846A2FA000} = {011B793A-EBED-46B7-83EF-2FD45368B985}
		{9D736DDF-2CE3-4973-9AB6-5F549763D257} = {CF95FFCD-54F3-44E8-8A1F-554318D0E728}
		{6401D8B7-B74F-49A9-8DF5-F5B00F7C5AC1} = {CF95FFCD-54F3-44E8-8A1F-554318D0E728}
		{9B6DB7FB-9241-4961-B1C8-87DDDCA2C379} = {CF95FFCD-54F3-44E8-8A1F-554318D0E728}
	EndGlobalSection
	GlobalSection(ExtensibilityGlobals) = postSolution
		SolutionGuid = {A7E1DFDF-F48F-4698-8535-ACB9F44C31F7}
	EndGlobalSection
EndGlobal
